
Microsoft Visual Studio Solution File, Format Version 12.00
# Visual Studio 15
VisualStudioVersion = 15.0.26730.16
MinimumVisualStudioVersion = 10.0.40219.1
Project("{8BC9CEB8-8B4A-11D0-8D11-00A0C91BC942}") = "labka 3", "labka 3\labka 3.vcxproj", "{82BDCA5A-0B17-4A61-B2F1-EE8792063796}"
EndProject
Global
	GlobalSection(SolutionConfigurationPlatforms) = preSolution
		Debug|x64 = Debug|x64
		Debug|x86 = Debug|x86
		Release|x64 = Release|x64
		Release|x86 = Release|x86
	EndGlobalSection
	GlobalSection(ProjectConfigurationPlatforms) = postSolution
		{82BDCA5A-0B17-4A61-B2F1-EE8792063796}.Debug|x64.ActiveCfg = Debug|x64
		{82BDCA5A-0B17-4A61-B2F1-EE8792063796}.Debug|x64.Build.0 = Debug|x64
		{82BDCA5A-0B17-4A61-B2F1-EE8792063796}.Debug|x86.ActiveCfg = Debug|Win32
		{82BDCA5A-0B17-4A61-B2F1-EE8792063796}.Debug|x86.Build.0 = Debug|Win32
		{82BDCA5A-0B17-4A61-B2F1-EE8792063796}.Release|x64.ActiveCfg = Release|x64
		{82BDCA5A-0B17-4A61-B2F1-EE8792063796}.Release|x64.Build.0 = Release|x64
		{82BDCA5A-0B17-4A61-B2F1-EE8792063796}.Release|x86.ActiveCfg = Release|Win32
		{82BDCA5A-0B17-4A61-B2F1-EE8792063796}.Release|x86.Build.0 = Release|Win32
	EndGlobalSection
	GlobalSection(SolutionProperties) = preSolution
		HideSolutionNode = FALSE
	EndGlobalSection
	GlobalSection(ExtensibilityGlobals) = postSolution
		SolutionGuid = {8E256DA3-4684-47A1-9FC9-2C04DA23FF8A}
	EndGlobalSection
EndGlobal
